
Microsoft Visual Studio Solution File, Format Version 12.00
# Visual Studio Version 17
VisualStudioVersion = 17.1.32414.318
MinimumVisualStudioVersion = 10.0.40219.1
Project("{9A19103F-16F7-4668-BE54-9A1E7A4F7556}") = "Task-11", "Task-11\Task-11.csproj", "{D1848B4C-DA6A-442E-91BB-D3BD9F28BEB2}"
EndProject
Project("{9A19103F-16F7-4668-BE54-9A1E7A4F7556}") = "Task-10-2", "Task-10-2\Task-10-2.csproj", "{AF5BAC87-5C65-4C3F-A97A-CBD11ABF1F07}"
EndProject
Project("{9A19103F-16F7-4668-BE54-9A1E7A4F7556}") = "Task-10-1", "Task-10-1\Task-10-1.csproj", "{67FF50DC-41AD-4804-91CD-B85A64C35771}"
EndProject
Project("{9A19103F-16F7-4668-BE54-9A1E7A4F7556}") = "Task-9", "Task-9\Task-9.csproj", "{A7388CAB-262F-44BB-B938-9D359847119E}"
EndProject
Project("{9A19103F-16F7-4668-BE54-9A1E7A4F7556}") = "Task-8.3", "Task-8.3\Task-8.3.csproj", "{0D84A0B7-A727-4693-8063-7349890B8731}"
EndProject
Project("{9A19103F-16F7-4668-BE54-9A1E7A4F7556}") = "Task-8.2", "Task-8.2\Task-8.2.csproj", "{348B9FD6-1CF3-4F40-9B41-40CC8B3EF70F}"
EndProject
Project("{9A19103F-16F7-4668-BE54-9A1E7A4F7556}") = "Task-8.1", "Task-8.1\Task-8.1.csproj", "{07083543-D0F4-43B6-AD18-740C9F106346}"
EndProject
Project("{9A19103F-16F7-4668-BE54-9A1E7A4F7556}") = "Task-7", "Task-7\Task-7.csproj", "{91D0F9D8-E31E-4AFF-9909-108474BFBFE2}"
EndProject
Project("{9A19103F-16F7-4668-BE54-9A1E7A4F7556}") = "Task-6.1", "Task-6.1\Task-6.1.csproj", "{F09BB48E-1F32-4B54-BC17-E4CE80202F33}"
EndProject
Project("{9A19103F-16F7-4668-BE54-9A1E7A4F7556}") = "Task-6-2", "Task-6.2\Task-6-2.csproj", "{B9EEB99C-E7B3-4EC8-A59F-907098CA7AD4}"
EndProject
Project("{9A19103F-16F7-4668-BE54-9A1E7A4F7556}") = "Task-5", "Task-5\Task-5.csproj", "{24F9E9EA-8B71-4A8E-86FA-249CCE4C1227}"
EndProject
Project("{9A19103F-16F7-4668-BE54-9A1E7A4F7556}") = "Task-4", "Task-4\Task-4.csproj", "{33719707-E3F2-42CC-A6F5-6BB9B0CDCD12}"
EndProject
Project("{9A19103F-16F7-4668-BE54-9A1E7A4F7556}") = "Task-3", "Task-3\Task-3.csproj", "{759F2531-B5AB-4978-8F64-C16C439B0EC4}"
EndProject
Project("{9A19103F-16F7-4668-BE54-9A1E7A4F7556}") = "Task-2.1", "Task-2.1\Matrices\Task-2.1.csproj", "{6AA77300-69B1-4225-8C2D-F2D5A0974C9E}"
EndProject
Project("{9A19103F-16F7-4668-BE54-9A1E7A4F7556}") = "Task-2.2", "Task-2.2\BuyDairyProducts\Task-2.2.csproj", "{1F5E0796-F7FB-4247-AEB4-6165A1757AF7}"
EndProject
Project("{9A19103F-16F7-4668-BE54-9A1E7A4F7556}") = "Task-1", "Task-1\BuyAndCheck\Task-1.csproj", "{C98ABE1E-5323-4BCD-84E5-1EC5DC9D2E28}"
EndProject
Global
	GlobalSection(SolutionConfigurationPlatforms) = preSolution
		Debug|Any CPU = Debug|Any CPU
		Release|Any CPU = Release|Any CPU
	EndGlobalSection
	GlobalSection(ProjectConfigurationPlatforms) = postSolution
		{D1848B4C-DA6A-442E-91BB-D3BD9F28BEB2}.Debug|Any CPU.ActiveCfg = Debug|Any CPU
		{D1848B4C-DA6A-442E-91BB-D3BD9F28BEB2}.Debug|Any CPU.Build.0 = Debug|Any CPU
		{D1848B4C-DA6A-442E-91BB-D3BD9F28BEB2}.Release|Any CPU.ActiveCfg = Release|Any CPU
		{D1848B4C-DA6A-442E-91BB-D3BD9F28BEB2}.Release|Any CPU.Build.0 = Release|Any CPU
		{AF5BAC87-5C65-4C3F-A97A-CBD11ABF1F07}.Debug|Any CPU.ActiveCfg = Debug|Any CPU
		{AF5BAC87-5C65-4C3F-A97A-CBD11ABF1F07}.Debug|Any CPU.Build.0 = Debug|Any CPU
		{AF5BAC87-5C65-4C3F-A97A-CBD11ABF1F07}.Release|Any CPU.ActiveCfg = Release|Any CPU
		{AF5BAC87-5C65-4C3F-A97A-CBD11ABF1F07}.Release|Any CPU.Build.0 = Release|Any CPU
		{67FF50DC-41AD-4804-91CD-B85A64C35771}.Debug|Any CPU.ActiveCfg = Debug|Any CPU
		{67FF50DC-41AD-4804-91CD-B85A64C35771}.Debug|Any CPU.Build.0 = Debug|Any CPU
		{67FF50DC-41AD-4804-91CD-B85A64C35771}.Release|Any CPU.ActiveCfg = Release|Any CPU
		{67FF50DC-41AD-4804-91CD-B85A64C35771}.Release|Any CPU.Build.0 = Release|Any CPU
		{A7388CAB-262F-44BB-B938-9D359847119E}.Debug|Any CPU.ActiveCfg = Debug|Any CPU
		{A7388CAB-262F-44BB-B938-9D359847119E}.Debug|Any CPU.Build.0 = Debug|Any CPU
		{A7388CAB-262F-44BB-B938-9D359847119E}.Release|Any CPU.ActiveCfg = Release|Any CPU
		{A7388CAB-262F-44BB-B938-9D359847119E}.Release|Any CPU.Build.0 = Release|Any CPU
		{0D84A0B7-A727-4693-8063-7349890B8731}.Debug|Any CPU.ActiveCfg = Debug|Any CPU
		{0D84A0B7-A727-4693-8063-7349890B8731}.Debug|Any CPU.Build.0 = Debug|Any CPU
		{0D84A0B7-A727-4693-8063-7349890B8731}.Release|Any CPU.ActiveCfg = Release|Any CPU
		{0D84A0B7-A727-4693-8063-7349890B8731}.Release|Any CPU.Build.0 = Release|Any CPU
		{348B9FD6-1CF3-4F40-9B41-40CC8B3EF70F}.Debug|Any CPU.ActiveCfg = Debug|Any CPU
		{348B9FD6-1CF3-4F40-9B41-40CC8B3EF70F}.Debug|Any CPU.Build.0 = Debug|Any CPU
		{348B9FD6-1CF3-4F40-9B41-40CC8B3EF70F}.Release|Any CPU.ActiveCfg = Release|Any CPU
		{348B9FD6-1CF3-4F40-9B41-40CC8B3EF70F}.Release|Any CPU.Build.0 = Release|Any CPU
		{07083543-D0F4-43B6-AD18-740C9F106346}.Debug|Any CPU.ActiveCfg = Debug|Any CPU
		{07083543-D0F4-43B6-AD18-740C9F106346}.Debug|Any CPU.Build.0 = Debug|Any CPU
		{07083543-D0F4-43B6-AD18-740C9F106346}.Release|Any CPU.ActiveCfg = Release|Any CPU
		{07083543-D0F4-43B6-AD18-740C9F106346}.Release|Any CPU.Build.0 = Release|Any CPU
		{91D0F9D8-E31E-4AFF-9909-108474BFBFE2}.Debug|Any CPU.ActiveCfg = Debug|Any CPU
		{91D0F9D8-E31E-4AFF-9909-108474BFBFE2}.Debug|Any CPU.Build.0 = Debug|Any CPU
		{91D0F9D8-E31E-4AFF-9909-108474BFBFE2}.Release|Any CPU.ActiveCfg = Release|Any CPU
		{91D0F9D8-E31E-4AFF-9909-108474BFBFE2}.Release|Any CPU.Build.0 = Release|Any CPU
		{F09BB48E-1F32-4B54-BC17-E4CE80202F33}.Debug|Any CPU.ActiveCfg = Debug|Any CPU
		{F09BB48E-1F32-4B54-BC17-E4CE80202F33}.Debug|Any CPU.Build.0 = Debug|Any CPU
		{F09BB48E-1F32-4B54-BC17-E4CE80202F33}.Release|Any CPU.ActiveCfg = Release|Any CPU
		{F09BB48E-1F32-4B54-BC17-E4CE80202F33}.Release|Any CPU.Build.0 = Release|Any CPU
		{B9EEB99C-E7B3-4EC8-A59F-907098CA7AD4}.Debug|Any CPU.ActiveCfg = Debug|Any CPU
		{B9EEB99C-E7B3-4EC8-A59F-907098CA7AD4}.Debug|Any CPU.Build.0 = Debug|Any CPU
		{B9EEB99C-E7B3-4EC8-A59F-907098CA7AD4}.Release|Any CPU.ActiveCfg = Release|Any CPU
		{B9EEB99C-E7B3-4EC8-A59F-907098CA7AD4}.Release|Any CPU.Build.0 = Release|Any CPU
		{24F9E9EA-8B71-4A8E-86FA-249CCE4C1227}.Debug|Any CPU.ActiveCfg = Debug|Any CPU
		{24F9E9EA-8B71-4A8E-86FA-249CCE4C1227}.Debug|Any CPU.Build.0 = Debug|Any CPU
		{24F9E9EA-8B71-4A8E-86FA-249CCE4C1227}.Release|Any CPU.ActiveCfg = Release|Any CPU
		{24F9E9EA-8B71-4A8E-86FA-249CCE4C1227}.Release|Any CPU.Build.0 = Release|Any CPU
		{33719707-E3F2-42CC-A6F5-6BB9B0CDCD12}.Debug|Any CPU.ActiveCfg = Debug|Any CPU
		{33719707-E3F2-42CC-A6F5-6BB9B0CDCD12}.Debug|Any CPU.Build.0 = Debug|Any CPU
		{33719707-E3F2-42CC-A6F5-6BB9B0CDCD12}.Release|Any CPU.ActiveCfg = Release|Any CPU
		{33719707-E3F2-42CC-A6F5-6BB9B0CDCD12}.Release|Any CPU.Build.0 = Release|Any CPU
		{759F2531-B5AB-4978-8F64-C16C439B0EC4}.Debug|Any CPU.ActiveCfg = Debug|Any CPU
		{759F2531-B5AB-4978-8F64-C16C439B0EC4}.Debug|Any CPU.Build.0 = Debug|Any CPU
		{759F2531-B5AB-4978-8F64-C16C439B0EC4}.Release|Any CPU.ActiveCfg = Release|Any CPU
		{759F2531-B5AB-4978-8F64-C16C439B0EC4}.Release|Any CPU.Build.0 = Release|Any CPU
		{6AA77300-69B1-4225-8C2D-F2D5A0974C9E}.Debug|Any CPU.ActiveCfg = Debug|Any CPU
		{6AA77300-69B1-4225-8C2D-F2D5A0974C9E}.Debug|Any CPU.Build.0 = Debug|Any CPU
		{6AA77300-69B1-4225-8C2D-F2D5A0974C9E}.Release|Any CPU.ActiveCfg = Release|Any CPU
		{6AA77300-69B1-4225-8C2D-F2D5A0974C9E}.Release|Any CPU.Build.0 = Release|Any CPU
		{1F5E0796-F7FB-4247-AEB4-6165A1757AF7}.Debug|Any CPU.ActiveCfg = Debug|Any CPU
		{1F5E0796-F7FB-4247-AEB4-6165A1757AF7}.Debug|Any CPU.Build.0 = Debug|Any CPU
		{1F5E0796-F7FB-4247-AEB4-6165A1757AF7}.Release|Any CPU.ActiveCfg = Release|Any CPU
		{1F5E0796-F7FB-4247-AEB4-6165A1757AF7}.Release|Any CPU.Build.0 = Release|Any CPU
		{C98ABE1E-5323-4BCD-84E5-1EC5DC9D2E28}.Debug|Any CPU.ActiveCfg = Debug|Any CPU
		{C98ABE1E-5323-4BCD-84E5-1EC5DC9D2E28}.Debug|Any CPU.Build.0 = Debug|Any CPU
		{C98ABE1E-5323-4BCD-84E5-1EC5DC9D2E28}.Release|Any CPU.ActiveCfg = Release|Any CPU
		{C98ABE1E-5323-4BCD-84E5-1EC5DC9D2E28}.Release|Any CPU.Build.0 = Release|Any CPU
	EndGlobalSection
	GlobalSection(SolutionProperties) = preSolution
		HideSolutionNode = FALSE
	EndGlobalSection
	GlobalSection(ExtensibilityGlobals) = postSolution
		SolutionGuid = {32046480-E575-4EDB-9085-E4A68ACEF746}
	EndGlobalSection
EndGlobal
